{
  "nodes": {
    "cachyos-kernel": {
      "flake": false,
      "locked": {
        "lastModified": 1769201405,
        "narHash": "sha256-k/KQL7J9ZnLlF28E6ywGpfo5dxkuxCcEtJ/XEZDTw3M=",
        "owner": "CachyOS",
        "repo": "linux-cachyos",
        "rev": "ff53672af48a106f52857d62c9275b165cc452ef",
        "type": "github"
      },
      "original": {
        "owner": "CachyOS",
        "repo": "linux-cachyos",
        "type": "github"
      }
    },
    "cachyos-kernel-patches": {
      "flake": false,
      "locked": {
        "lastModified": 1769199354,
        "narHash": "sha256-y1DKMryOr1w4xcZnDkaZjvENIPmr3j/YB4Srtfd3I2Y=",
        "owner": "CachyOS",
        "repo": "kernel-patches",
        "rev": "c8b990198baf3c34b64e4e5c5ffeb7c068eede1a",
        "type": "github"
      },
      "original": {
        "owner": "CachyOS",
        "repo": "kernel-patches",
        "type": "github"
      }
    },
    "nixpkgs": {
      "locked": {
        "lastModified": 1769213460,
        "narHash": "sha256-IE3gp3oJXGqXXgiKvgwoyRWMgELsiI2IQhoxmsk1+aM=",
        "owner": "NixOS",
        "repo": "nixpkgs",
        "rev": "ba617574108ea6eed171064cbd6b82d86f093d6b",
        "type": "github"
      },
      "original": {
        "owner": "NixOS",
        "ref": "nixos-unstable-small",
        "repo": "nixpkgs",
        "type": "github"
      }
    },
    "root": {
      "inputs": {
        "cachyos-kernel": "cachyos-kernel",
        "cachyos-kernel-patches": "cachyos-kernel-patches",
        "nixpkgs": "nixpkgs"
      }
    }
  },
  "root": "root",
  "version": 7
}
