{
  "nodes": {
    "cachyos-kernel": {
      "flake": false,
      "locked": {
        "lastModified": 1768669154,
        "narHash": "sha256-n9peTL7TAv1FIsboTEE1nWvuY2HYB67Jhh8o4O/JGfY=",
        "owner": "CachyOS",
        "repo": "linux-cachyos",
        "rev": "4d7506c820f0d18fc0bbc36ecfec8ed126aee682",
        "type": "github"
      },
      "original": {
        "owner": "CachyOS",
        "repo": "linux-cachyos",
        "type": "github"
      }
    },
    "cachyos-kernel-patches": {
      "flake": false,
      "locked": {
        "lastModified": 1768668945,
        "narHash": "sha256-XKQ3DHUnaa/00BfIaY6K8xCZgx0Sy2wXQbNYE/AmWSk=",
        "owner": "CachyOS",
        "repo": "kernel-patches",
        "rev": "cba022ec33a81d60a1e2c9fe4622196e3fef2b54",
        "type": "github"
      },
      "original": {
        "owner": "CachyOS",
        "repo": "kernel-patches",
        "type": "github"
      }
    },
    "nixpkgs": {
      "locked": {
        "lastModified": 1768553552,
        "narHash": "sha256-exVs5I2z5DPPEFi5Q04aqEOWK3kJrq9oBtljTriE9Eo=",
        "owner": "NixOS",
        "repo": "nixpkgs",
        "rev": "a6b8b0f0ceb6d4f5da70808e26c68044099460fd",
        "type": "github"
      },
      "original": {
        "owner": "NixOS",
        "ref": "nixos-unstable-small",
        "repo": "nixpkgs",
        "type": "github"
      }
    },
    "root": {
      "inputs": {
        "cachyos-kernel": "cachyos-kernel",
        "cachyos-kernel-patches": "cachyos-kernel-patches",
        "nixpkgs": "nixpkgs"
      }
    }
  },
  "root": "root",
  "version": 7
}
